
Microsoft Visual Studio Solution File, Format Version 12.00
# Visual Studio Version 17
VisualStudioVersion = 17.2.32602.215
MinimumVisualStudioVersion = 10.0.40219.1
Project("{FAE04EC0-301F-11D3-BF4B-00C04F79EFBC}") = "LXC_Assignment3", "LXC_Assignment3\LXC_Assignment3.csproj", "{69ED1698-B4EA-4F55-9F57-1AFCD52A3997}"
EndProject
Global
	GlobalSection(SolutionConfigurationPlatforms) = preSolution
		Debug|Any CPU = Debug|Any CPU
		Release|Any CPU = Release|Any CPU
	EndGlobalSection
	GlobalSection(ProjectConfigurationPlatforms) = postSolution
		{69ED1698-B4EA-4F55-9F57-1AFCD52A3997}.Debug|Any CPU.ActiveCfg = Debug|Any CPU
		{69ED1698-B4EA-4F55-9F57-1AFCD52A3997}.Debug|Any CPU.Build.0 = Debug|Any CPU
		{69ED1698-B4EA-4F55-9F57-1AFCD52A3997}.Release|Any CPU.ActiveCfg = Release|Any CPU
		{69ED1698-B4EA-4F55-9F57-1AFCD52A3997}.Release|Any CPU.Build.0 = Release|Any CPU
	EndGlobalSection
	GlobalSection(SolutionProperties) = preSolution
		HideSolutionNode = FALSE
	EndGlobalSection
	GlobalSection(ExtensibilityGlobals) = postSolution
		SolutionGuid = {E37233E0-A5C9-401D-B405-5A383D8F82B0}
	EndGlobalSection
EndGlobal
